
Microsoft Visual Studio Solution File, Format Version 12.00
# Visual Studio Version 16
VisualStudioVersion = 16.0.31402.337
MinimumVisualStudioVersion = 10.0.40219.1
Project("{FAE04EC0-301F-11D3-BF4B-00C04F79EFBC}") = "MethodOverload", "MethodOverload\MethodOverload.csproj", "{39822A44-6B13-4698-AC12-443FB590380B}"
EndProject
Global
	GlobalSection(SolutionConfigurationPlatforms) = preSolution
		Debug|Any CPU = Debug|Any CPU
		Release|Any CPU = Release|Any CPU
	EndGlobalSection
	GlobalSection(ProjectConfigurationPlatforms) = postSolution
		{39822A44-6B13-4698-AC12-443FB590380B}.Debug|Any CPU.ActiveCfg = Debug|Any CPU
		{39822A44-6B13-4698-AC12-443FB590380B}.Debug|Any CPU.Build.0 = Debug|Any CPU
		{39822A44-6B13-4698-AC12-443FB590380B}.Release|Any CPU.ActiveCfg = Release|Any CPU
		{39822A44-6B13-4698-AC12-443FB590380B}.Release|Any CPU.Build.0 = Release|Any CPU
	EndGlobalSection
	GlobalSection(SolutionProperties) = preSolution
		HideSolutionNode = FALSE
	EndGlobalSection
	GlobalSection(ExtensibilityGlobals) = postSolution
		SolutionGuid = {DFBA01BE-81FD-41A3-9E5C-F16E27FC90BE}
	EndGlobalSection
EndGlobal
